<?xml version="1.0" encoding="utf-8"?>
<Project ToolsVersion="4.0" xmlns="http://schemas.microsoft.com/developer/msbuild/2003">
  <ItemGroup>
    <Filter Include="源文件">
      <UniqueIdentifier>{4FC737F1-C7A5-4376-A066-2A32D752A2FF}</UniqueIdentifier>
      <Extensions>cpp;c;cc;cxx;def;odl;idl;hpj;bat;asm;asmx</Extensions>
    </Filter>
    <Filter Include="头文件">
      <UniqueIdentifier>{93995380-89BD-4b04-88EB-625FBE52EBFB}</UniqueIdentifier>
      <Extensions>h;hh;hpp;hxx;hm;inl;inc;xsd</Extensions>
    </Filter>
    <Filter Include="资源文件">
      <UniqueIdentifier>{67DA6AB6-F800-4c08-8B7A-83BB121AAD01}</UniqueIdentifier>
      <Extensions>rc;ico;cur;bmp;dlg;rc2;rct;bin;rgs;gif;jpg;jpeg;jpe;resx;tiff;tif;png;wav;mfcribbon-ms</Extensions>
    </Filter>
    <Filter Include="Model Reader">
      <UniqueIdentifier>{527d919f-582b-4833-bbc4-76d24f728ec6}</UniqueIdentifier>
    </Filter>
    <Filter Include="点胶机">
      <UniqueIdentifier>{d9b6a682-df88-41c8-b91e-b2c7847202fb}</UniqueIdentifier>
    </Filter>
    <Filter Include="Kinect">
      <UniqueIdentifier>{b2f9a362-55d7-48e0-b6bc-739a18db01a0}</UniqueIdentifier>
    </Filter>
    <Filter Include="PortAudio">
      <UniqueIdentifier>{d2294d02-e72b-4c98-9d4c-8360eda79a5c}</UniqueIdentifier>
    </Filter>
  </ItemGroup>
  <ItemGroup>
    <ClCompile Include="main.cpp">
      <Filter>源文件</Filter>
    </ClCompile>
    <ClCompile Include="BulletOpenGLApplication.cpp">
      <Filter>源文件</Filter>
    </ClCompile>
    <ClCompile Include="DebugDrawer.cpp">
      <Filter>源文件</Filter>
    </ClCompile>
    <ClCompile Include="GameObject.cpp">
      <Filter>源文件</Filter>
    </ClCompile>
    <ClCompile Include="RigidOBJDemo.cpp">
      <Filter>源文件</Filter>
    </ClCompile>
    <ClCompile Include="glm.cpp">
      <Filter>Model Reader</Filter>
    </ClCompile>
    <ClCompile Include="SoftBodyDemo.cpp">
      <Filter>源文件</Filter>
    </ClCompile>
    <ClCompile Include="KinectFunction.cpp">
      <Filter>Kinect</Filter>
    </ClCompile>
  </ItemGroup>
  <ItemGroup>
    <ClInclude Include="BulletOpenGLApplication.h">
      <Filter>头文件</Filter>
    </ClInclude>
    <ClInclude Include="FreeGLUTCallbacks.h">
      <Filter>头文件</Filter>
    </ClInclude>
    <ClInclude Include="OpenGLMotionState.h">
      <Filter>头文件</Filter>
    </ClInclude>
    <ClInclude Include="DebugDrawer.h">
      <Filter>头文件</Filter>
    </ClInclude>
    <ClInclude Include="GameObject.h">
      <Filter>头文件</Filter>
    </ClInclude>
    <ClInclude Include="RigidOBJDemo.h">
      <Filter>头文件</Filter>
    </ClInclude>
    <ClInclude Include="glm.h">
      <Filter>Model Reader</Filter>
    </ClInclude>
    <ClInclude Include="SoftBodyDemo.h">
      <Filter>头文件</Filter>
    </ClInclude>
    <ClInclude Include="KinectFunction.h">
      <Filter>Kinect</Filter>
    </ClInclude>
  </ItemGroup>
</Project>